
Microsoft Visual Studio Solution File, Format Version 12.00
# Visual Studio 15
VisualStudioVersion = 15.0.28307.1758
MinimumVisualStudioVersion = 10.0.40219.1
Project("{00D1A9C2-B5F0-4AF3-8072-F6C62B433612}") = "Franchise.Database", "Franchise.Database\Franchise.Database.sqlproj", "{BFF611C9-4991-459D-8545-A60430B58212}"
EndProject
Global
	GlobalSection(SolutionConfigurationPlatforms) = preSolution
		Debug|Any CPU = Debug|Any CPU
		Release|Any CPU = Release|Any CPU
	EndGlobalSection
	GlobalSection(ProjectConfigurationPlatforms) = postSolution
		{BFF611C9-4991-459D-8545-A60430B58212}.Debug|Any CPU.ActiveCfg = Debug|Any CPU
		{BFF611C9-4991-459D-8545-A60430B58212}.Debug|Any CPU.Build.0 = Debug|Any CPU
		{BFF611C9-4991-459D-8545-A60430B58212}.Debug|Any CPU.Deploy.0 = Debug|Any CPU
		{BFF611C9-4991-459D-8545-A60430B58212}.Release|Any CPU.ActiveCfg = Release|Any CPU
		{BFF611C9-4991-459D-8545-A60430B58212}.Release|Any CPU.Build.0 = Release|Any CPU
		{BFF611C9-4991-459D-8545-A60430B58212}.Release|Any CPU.Deploy.0 = Release|Any CPU
	EndGlobalSection
	GlobalSection(SolutionProperties) = preSolution
		HideSolutionNode = FALSE
	EndGlobalSection
	GlobalSection(ExtensibilityGlobals) = postSolution
		SolutionGuid = {BB1E928B-567A-428B-A413-4A1EC968B94C}
	EndGlobalSection
EndGlobal
